
Microsoft Visual Studio Solution File, Format Version 12.00
# Visual Studio 14
VisualStudioVersion = 14.0.25420.1
MinimumVisualStudioVersion = 10.0.40219.1
Project("{FAE04EC0-301F-11D3-BF4B-00C04F79EFBC}") = "LendingAdministrator", "LendingAdministrator\LendingAdministrator.csproj", "{9E353CDC-1625-415B-9832-012F09B5747E}"
EndProject
Project("{FAE04EC0-301F-11D3-BF4B-00C04F79EFBC}") = "BLL", "BLL\BLL.csproj", "{CD5DDAEE-791A-431B-845B-1AAD4DC1B713}"
EndProject
Project("{FAE04EC0-301F-11D3-BF4B-00C04F79EFBC}") = "DAL", "DAL\DAL.csproj", "{71EAAB40-05B0-4F5A-A676-98AD4CD906B2}"
EndProject
Project("{FAE04EC0-301F-11D3-BF4B-00C04F79EFBC}") = "BLLTests", "BLLTests\BLLTests.csproj", "{F999C3CF-8497-467A-8FC4-D3E60614A6B8}"
EndProject
Global
	GlobalSection(SolutionConfigurationPlatforms) = preSolution
		Debug|Any CPU = Debug|Any CPU
		Release|Any CPU = Release|Any CPU
	EndGlobalSection
	GlobalSection(ProjectConfigurationPlatforms) = postSolution
		{9E353CDC-1625-415B-9832-012F09B5747E}.Debug|Any CPU.ActiveCfg = Debug|Any CPU
		{9E353CDC-1625-415B-9832-012F09B5747E}.Debug|Any CPU.Build.0 = Debug|Any CPU
		{9E353CDC-1625-415B-9832-012F09B5747E}.Release|Any CPU.ActiveCfg = Release|Any CPU
		{9E353CDC-1625-415B-9832-012F09B5747E}.Release|Any CPU.Build.0 = Release|Any CPU
		{CD5DDAEE-791A-431B-845B-1AAD4DC1B713}.Debug|Any CPU.ActiveCfg = Debug|Any CPU
		{CD5DDAEE-791A-431B-845B-1AAD4DC1B713}.Debug|Any CPU.Build.0 = Debug|Any CPU
		{CD5DDAEE-791A-431B-845B-1AAD4DC1B713}.Release|Any CPU.ActiveCfg = Release|Any CPU
		{CD5DDAEE-791A-431B-845B-1AAD4DC1B713}.Release|Any CPU.Build.0 = Release|Any CPU
		{71EAAB40-05B0-4F5A-A676-98AD4CD906B2}.Debug|Any CPU.ActiveCfg = Debug|Any CPU
		{71EAAB40-05B0-4F5A-A676-98AD4CD906B2}.Debug|Any CPU.Build.0 = Debug|Any CPU
		{71EAAB40-05B0-4F5A-A676-98AD4CD906B2}.Release|Any CPU.ActiveCfg = Release|Any CPU
		{71EAAB40-05B0-4F5A-A676-98AD4CD906B2}.Release|Any CPU.Build.0 = Release|Any CPU
		{F999C3CF-8497-467A-8FC4-D3E60614A6B8}.Debug|Any CPU.ActiveCfg = Debug|Any CPU
		{F999C3CF-8497-467A-8FC4-D3E60614A6B8}.Debug|Any CPU.Build.0 = Debug|Any CPU
		{F999C3CF-8497-467A-8FC4-D3E60614A6B8}.Release|Any CPU.ActiveCfg = Release|Any CPU
		{F999C3CF-8497-467A-8FC4-D3E60614A6B8}.Release|Any CPU.Build.0 = Release|Any CPU
	EndGlobalSection
	GlobalSection(SolutionProperties) = preSolution
		HideSolutionNode = FALSE
	EndGlobalSection
EndGlobal
